
Microsoft Visual Studio Solution File, Format Version 12.00
# Visual Studio Version 17
VisualStudioVersion = 17.2.32616.157
MinimumVisualStudioVersion = 10.0.40219.1
Project("{FAE04EC0-301F-11D3-BF4B-00C04F79EFBC}") = "DiscordBotTutorials", "DiscordBotTutorials\DiscordBotTutorials.csproj", "{9CD441EA-837C-4937-900B-BB7F0D6DA690}"
EndProject
Global
	GlobalSection(SolutionConfigurationPlatforms) = preSolution
		Debug|Any CPU = Debug|Any CPU
		Release|Any CPU = Release|Any CPU
	EndGlobalSection
	GlobalSection(ProjectConfigurationPlatforms) = postSolution
		{9CD441EA-837C-4937-900B-BB7F0D6DA690}.Debug|Any CPU.ActiveCfg = Debug|Any CPU
		{9CD441EA-837C-4937-900B-BB7F0D6DA690}.Debug|Any CPU.Build.0 = Debug|Any CPU
		{9CD441EA-837C-4937-900B-BB7F0D6DA690}.Release|Any CPU.ActiveCfg = Release|Any CPU
		{9CD441EA-837C-4937-900B-BB7F0D6DA690}.Release|Any CPU.Build.0 = Release|Any CPU
	EndGlobalSection
	GlobalSection(SolutionProperties) = preSolution
		HideSolutionNode = FALSE
	EndGlobalSection
	GlobalSection(ExtensibilityGlobals) = postSolution
		SolutionGuid = {E943D12B-2F9B-4C37-A790-68E39AEEE94D}
	EndGlobalSection
EndGlobal
